{
  "nodes": {
    "nixpkgs": {
      "locked": {
        "lastModified": 1673134516,
        "narHash": "sha256-mAZQKqkNQbBmJnmUU0blOfkKlgMSSVyPHdeWeuKad8U=",
        "path": "/nix/store/2crav2vgmqs4zcypgi7z1j9yv3s0dw5f-source",
        "rev": "f6f44561884c3470e2b783683d5dbac42dfc833b",
        "type": "path"
      },
      "original": {
        "id": "nixpkgs",
        "type": "indirect"
      }
    },
    "root": {
      "inputs": {
        "nixpkgs": "nixpkgs"
      }
    }
  },
  "root": "root",
  "version": 7
}
